
Microsoft Visual Studio Solution File, Format Version 12.00
Project("{FAE04EC0-301F-11D3-BF4B-00C04F79EFBC}") = "EmployeePro.Api", "EmployeePro.Api\EmployeePro.Api.csproj", "{AF1AC7F8-141B-4121-87C2-BDA6F2A53ABC}"
EndProject
Project("{FAE04EC0-301F-11D3-BF4B-00C04F79EFBC}") = "EmployeePro.Bll", "EmployeePro.Bll\EmployeePro.Bll.csproj", "{61D9D564-35BD-4CAE-B110-D160B2992922}"
EndProject
Project("{FAE04EC0-301F-11D3-BF4B-00C04F79EFBC}") = "EmployeePro.Dal", "EmployeePro.Dal\EmployeePro.Dal.csproj", "{21E5C6C8-B17D-47DE-9141-B32F30D37F3C}"
EndProject
Project("{FAE04EC0-301F-11D3-BF4B-00C04F79EFBC}") = "EmployeePro.Dall.Test", "EmployeePro.Dall.Test\EmployeePro.Dall.Test.csproj", "{934C7A84-8289-4775-A291-5C12E0F7DF5D}"
EndProject
Project("{FAE04EC0-301F-11D3-BF4B-00C04F79EFBC}") = "Playground", "Playground\Playground.csproj", "{DE1D75A5-1B92-476E-BB1A-5E039D444CE2}"
EndProject
Project("{FAE04EC0-301F-11D3-BF4B-00C04F79EFBC}") = "HostedServices", "HostedServices\HostedServices.csproj", "{703CC0B6-BC81-4520-A742-DD9956035A43}"
EndProject
Project("{FAE04EC0-301F-11D3-BF4B-00C04F79EFBC}") = "EmployeePro.Bll.Test", "EmployeePro.Bll.Test\EmployeePro.Bll.Test.csproj", "{B33C24C9-F1A2-401A-8E4D-EDD25A38B656}"
EndProject
Project("{FAE04EC0-301F-11D3-BF4B-00C04F79EFBC}") = "EmployeePro.Contract", "EmployeePro.Contract\EmployeePro.Contract.csproj", "{C5F4CD14-4E00-4FBB-830A-8E6B1859A4E5}"
EndProject
Global
	GlobalSection(SolutionConfigurationPlatforms) = preSolution
		Debug|Any CPU = Debug|Any CPU
		Release|Any CPU = Release|Any CPU
	EndGlobalSection
	GlobalSection(ProjectConfigurationPlatforms) = postSolution
		{AF1AC7F8-141B-4121-87C2-BDA6F2A53ABC}.Debug|Any CPU.ActiveCfg = Debug|Any CPU
		{AF1AC7F8-141B-4121-87C2-BDA6F2A53ABC}.Debug|Any CPU.Build.0 = Debug|Any CPU
		{AF1AC7F8-141B-4121-87C2-BDA6F2A53ABC}.Release|Any CPU.ActiveCfg = Release|Any CPU
		{AF1AC7F8-141B-4121-87C2-BDA6F2A53ABC}.Release|Any CPU.Build.0 = Release|Any CPU
		{61D9D564-35BD-4CAE-B110-D160B2992922}.Debug|Any CPU.ActiveCfg = Debug|Any CPU
		{61D9D564-35BD-4CAE-B110-D160B2992922}.Debug|Any CPU.Build.0 = Debug|Any CPU
		{61D9D564-35BD-4CAE-B110-D160B2992922}.Release|Any CPU.ActiveCfg = Release|Any CPU
		{61D9D564-35BD-4CAE-B110-D160B2992922}.Release|Any CPU.Build.0 = Release|Any CPU
		{21E5C6C8-B17D-47DE-9141-B32F30D37F3C}.Debug|Any CPU.ActiveCfg = Debug|Any CPU
		{21E5C6C8-B17D-47DE-9141-B32F30D37F3C}.Debug|Any CPU.Build.0 = Debug|Any CPU
		{21E5C6C8-B17D-47DE-9141-B32F30D37F3C}.Release|Any CPU.ActiveCfg = Release|Any CPU
		{21E5C6C8-B17D-47DE-9141-B32F30D37F3C}.Release|Any CPU.Build.0 = Release|Any CPU
		{934C7A84-8289-4775-A291-5C12E0F7DF5D}.Debug|Any CPU.ActiveCfg = Debug|Any CPU
		{934C7A84-8289-4775-A291-5C12E0F7DF5D}.Debug|Any CPU.Build.0 = Debug|Any CPU
		{934C7A84-8289-4775-A291-5C12E0F7DF5D}.Release|Any CPU.ActiveCfg = Release|Any CPU
		{934C7A84-8289-4775-A291-5C12E0F7DF5D}.Release|Any CPU.Build.0 = Release|Any CPU
		{DE1D75A5-1B92-476E-BB1A-5E039D444CE2}.Debug|Any CPU.ActiveCfg = Debug|Any CPU
		{DE1D75A5-1B92-476E-BB1A-5E039D444CE2}.Debug|Any CPU.Build.0 = Debug|Any CPU
		{DE1D75A5-1B92-476E-BB1A-5E039D444CE2}.Release|Any CPU.ActiveCfg = Release|Any CPU
		{DE1D75A5-1B92-476E-BB1A-5E039D444CE2}.Release|Any CPU.Build.0 = Release|Any CPU
		{703CC0B6-BC81-4520-A742-DD9956035A43}.Debug|Any CPU.ActiveCfg = Debug|Any CPU
		{703CC0B6-BC81-4520-A742-DD9956035A43}.Debug|Any CPU.Build.0 = Debug|Any CPU
		{703CC0B6-BC81-4520-A742-DD9956035A43}.Release|Any CPU.ActiveCfg = Release|Any CPU
		{703CC0B6-BC81-4520-A742-DD9956035A43}.Release|Any CPU.Build.0 = Release|Any CPU
		{B33C24C9-F1A2-401A-8E4D-EDD25A38B656}.Debug|Any CPU.ActiveCfg = Debug|Any CPU
		{B33C24C9-F1A2-401A-8E4D-EDD25A38B656}.Debug|Any CPU.Build.0 = Debug|Any CPU
		{B33C24C9-F1A2-401A-8E4D-EDD25A38B656}.Release|Any CPU.ActiveCfg = Release|Any CPU
		{B33C24C9-F1A2-401A-8E4D-EDD25A38B656}.Release|Any CPU.Build.0 = Release|Any CPU
		{C5F4CD14-4E00-4FBB-830A-8E6B1859A4E5}.Debug|Any CPU.ActiveCfg = Debug|Any CPU
		{C5F4CD14-4E00-4FBB-830A-8E6B1859A4E5}.Debug|Any CPU.Build.0 = Debug|Any CPU
		{C5F4CD14-4E00-4FBB-830A-8E6B1859A4E5}.Release|Any CPU.ActiveCfg = Release|Any CPU
		{C5F4CD14-4E00-4FBB-830A-8E6B1859A4E5}.Release|Any CPU.Build.0 = Release|Any CPU
	EndGlobalSection
EndGlobal
